
Microsoft Visual Studio Solution File, Format Version 11.00
# Visual Studio 2010
Project("{FAE04EC0-301F-11D3-BF4B-00C04F79EFBC}") = "MujoCO", "Assembly-CSharp.csproj", "{04ECC0E8-A5FA-84F5-A6CF-D6089A4A1773}"
EndProject
Project("{FAE04EC0-301F-11D3-BF4B-00C04F79EFBC}") = "MujoCO", "Assembly-CSharp-Editor.csproj", "{F6FF710C-5AD5-4F6A-5F6E-D46AED8EE1A6}"
EndProject
Global
	GlobalSection(SolutionConfigurationPlatforms) = preSolution
		Debug|Any CPU = Debug|Any CPU
		Release|Any CPU = Release|Any CPU
	EndGlobalSection
	GlobalSection(ProjectConfigurationPlatforms) = postSolution
		{04ECC0E8-A5FA-84F5-A6CF-D6089A4A1773}.Debug|Any CPU.ActiveCfg = Debug|Any CPU
		{04ECC0E8-A5FA-84F5-A6CF-D6089A4A1773}.Debug|Any CPU.Build.0 = Debug|Any CPU
		{04ECC0E8-A5FA-84F5-A6CF-D6089A4A1773}.Release|Any CPU.ActiveCfg = Release|Any CPU
		{04ECC0E8-A5FA-84F5-A6CF-D6089A4A1773}.Release|Any CPU.Build.0 = Release|Any CPU
		{F6FF710C-5AD5-4F6A-5F6E-D46AED8EE1A6}.Debug|Any CPU.ActiveCfg = Debug|Any CPU
		{F6FF710C-5AD5-4F6A-5F6E-D46AED8EE1A6}.Debug|Any CPU.Build.0 = Debug|Any CPU
		{F6FF710C-5AD5-4F6A-5F6E-D46AED8EE1A6}.Release|Any CPU.ActiveCfg = Release|Any CPU
		{F6FF710C-5AD5-4F6A-5F6E-D46AED8EE1A6}.Release|Any CPU.Build.0 = Release|Any CPU
	EndGlobalSection
	GlobalSection(SolutionProperties) = preSolution
		HideSolutionNode = FALSE
	EndGlobalSection
	GlobalSection(MonoDevelopProperties) = preSolution
		StartupItem = Assembly-CSharp.csproj
	EndGlobalSection
EndGlobal
